<?xml version="1.0" encoding="UTF-8"?>
<Scheme
   LastUpgradeVersion = "0830"
   version = "1.3">
   <BuildAction
      parallelizeBuildables = "YES"
      buildImplicitDependencies = "YES">
      <BuildActionEntries>
         <BuildActionEntry
            buildForTesting = "YES"
            buildForRunning = "YES"
            buildForProfiling = "YES"
            buildForArchiving = "YES"
            buildForAnalyzing = "YES">
            <BuildableReference
               BuildableIdentifier = "primary"
               BlueprintIdentifier = "9F6E35781F03F9A500358867"
               BuildableName = "IntervalTree"
               BlueprintName = "IntervalTree"
               ReferencedContainer = "container:IntervalTree.xcodeproj">
            </BuildableReference>
         </BuildActionEntry>
      </BuildActionEntries>
   </BuildAction>
   <TestAction
      buildConfiguration = "Debug"
      selectedDebuggerIdentifier = "Xcode.DebuggerFoundation.Debugger.LLDB"
      selectedLauncherIdentifier = "Xcode.DebuggerFoundation.Launcher.LLDB"
      shouldUseLaunchSchemeArgsEnv = "YES">
      <Testables>
      </Testables>
      <MacroExpansion>
         <BuildableReference
            BuildableIdentifier = "primary"
            BlueprintIdentifier = "9F6E35781F03F9A500358867"
            BuildableName = "IntervalTree"
            BlueprintName = "IntervalTree"
            ReferencedContainer = "container:IntervalTree.xcodeproj">
         </BuildableReference>
      </MacroExpansion>
      <AdditionalOptions>
      </AdditionalOptions>
   </TestAction>
   <LaunchAction
      buildConfiguration = "Debug"
      selectedDebuggerIdentifier = "Xcode.DebuggerFoundation.Debugger.LLDB"
      selectedLauncherIdentifier = "Xcode.DebuggerFoundation.Launcher.LLDB"
      launchStyle = "0"
      useCustomWorkingDirectory = "NO"
      ignoresPersistentStateOnLaunch = "NO"
      debugDocumentVersioning = "YES"
      debugServiceExtension = "internal"
      allowLocationSimulation = "YES">
      <BuildableProductRunnable
         runnableDebuggingMode = "0">
         <BuildableReference
            BuildableIdentifier = "primary"
            BlueprintIdentifier = "9F6E35781F03F9A500358867"
            BuildableName = "IntervalTree"
            BlueprintName = "IntervalTree"
            ReferencedContainer = "container:IntervalTree.xcodeproj">
         </BuildableReference>
      </BuildableProductRunnable>
      <CommandLineArguments>
         <CommandLineArgument
            argument = "--gtf"
            isEnabled = "NO">
         </CommandLineArgument>
         <CommandLineArgument
            argument = "-vv"
            isEnabled = "YES">
         </CommandLineArgument>
         <CommandLineArgument
            argument = "/Volumes/xchip_gtex/resources/gencode.v19.genes.v7.patched_contigs.gtf"
            isEnabled = "YES">
         </CommandLineArgument>
         <CommandLineArgument
            argument = "--bam"
            isEnabled = "NO">
         </CommandLineArgument>
         <CommandLineArgument
            argument = "/Volumes/xchip_gtex/francois/tmp/test_data/TOR102741-M308-SM-EZKAJ.Aligned.sortedByCoord.out.patched.md.bam"
            isEnabled = "NO">
         </CommandLineArgument>
         <CommandLineArgument
            argument = "/Volumes/xchip_gtex/aarong/interval/TOR.downsampled.bam"
            isEnabled = "YES">
         </CommandLineArgument>
         <CommandLineArgument
            argument = "/Volumes/xchip_gtex/aarong/interval/tmp.bam"
            isEnabled = "NO">
         </CommandLineArgument>
         <CommandLineArgument
            argument = "--bed"
            isEnabled = "NO">
         </CommandLineArgument>
         <CommandLineArgument
            argument = "/Volumes/xchip_gtex/francois/resources/gencode.v19.hg19.insert_size_intervals_geq1000bp.bed"
            isEnabled = "NO">
         </CommandLineArgument>
         <CommandLineArgument
            argument = "-d"
            isEnabled = "YES">
         </CommandLineArgument>
         <CommandLineArgument
            argument = "."
            isEnabled = "YES">
         </CommandLineArgument>
      </CommandLineArguments>
      <AdditionalOptions>
      </AdditionalOptions>
   </LaunchAction>
   <ProfileAction
      buildConfiguration = "Release"
      shouldUseLaunchSchemeArgsEnv = "YES"
      savedToolIdentifier = ""
      useCustomWorkingDirectory = "NO"
      debugDocumentVersioning = "YES">
      <BuildableProductRunnable
         runnableDebuggingMode = "0">
         <BuildableReference
            BuildableIdentifier = "primary"
            BlueprintIdentifier = "9F6E35781F03F9A500358867"
            BuildableName = "IntervalTree"
            BlueprintName = "IntervalTree"
            ReferencedContainer = "container:IntervalTree.xcodeproj">
         </BuildableReference>
      </BuildableProductRunnable>
   </ProfileAction>
   <AnalyzeAction
      buildConfiguration = "Debug">
   </AnalyzeAction>
   <ArchiveAction
      buildConfiguration = "Release"
      revealArchiveInOrganizer = "YES">
   </ArchiveAction>
</Scheme>
